PODS:
  - QuickObserver (2.1.1)
  - SwiftLint (0.31.0)

DEPENDENCIES:
  - QuickObserver (from `./`)
  - SwiftLint

SPEC REPOS:
  https://github.com/CocoaPods/Specs.git:
    - SwiftLint

EXTERNAL SOURCES:
  QuickObserver:
    :path: "./"

SPEC CHECKSUMS:
  QuickObserver: 85f75429ea32bd2355c5465294c4c70a47744c0f
  SwiftLint: 7a0227733d786395817373b2d0ca799fd0093ff3

PODFILE CHECKSUM: fadfc86ea4a70ed26dd44e56c53ede9763258b7b

COCOAPODS: 1.9.1
