PODS:
  - QuickObserver (2.0.0)
  - SwiftLint (0.31.0)

DEPENDENCIES:
  - QuickObserver (from `./`)
  - SwiftLint

SPEC REPOS:
  https://github.com/cocoapods/specs.git:
    - SwiftLint

EXTERNAL SOURCES:
  QuickObserver:
    :path: "./"

SPEC CHECKSUMS:
  QuickObserver: 3fe1492a15eea162607b2e695e4da75b816728c3
  SwiftLint: 7a0227733d786395817373b2d0ca799fd0093ff3

PODFILE CHECKSUM: fadfc86ea4a70ed26dd44e56c53ede9763258b7b

COCOAPODS: 1.6.0
